
Microsoft Visual Studio Solution File, Format Version 12.00
# Visual Studio Version 17
VisualStudioVersion = 17.1.32421.90
MinimumVisualStudioVersion = 10.0.40219.1
Project("{9A19103F-16F7-4668-BE54-9A1E7A4F7556}") = "Todo.Domain", "Todo.Domain\Todo.Domain.csproj", "{3BD6EA56-6421-4B37-AE87-E429159AE222}"
EndProject
Project("{9A19103F-16F7-4668-BE54-9A1E7A4F7556}") = "Todo.Infrastructure", "Todo.Infrastructure\Todo.Infrastructure.csproj", "{DFD017D3-5B26-41A5-8743-37371BBF17A8}"
EndProject
Project("{9A19103F-16F7-4668-BE54-9A1E7A4F7556}") = "Todo.Tests", "Todo.Tests\Todo.Tests.csproj", "{27FFADF9-7D76-4165-AC01-062452BF7BB1}"
EndProject
Project("{9A19103F-16F7-4668-BE54-9A1E7A4F7556}") = "Todo.Web", "Todo.Web\Todo.Web.csproj", "{3622016B-9F9D-412F-9D05-2BBF28E627FF}"
EndProject
Project("{2150E333-8FDC-42A3-9474-1A3956D46DE8}") = "Solution Items", "Solution Items", "{F928C5F3-4861-4BB7-A74F-227EAFFD0390}"
	ProjectSection(SolutionItems) = preProject
		..\..\.editorconfig = ..\..\.editorconfig
		Directory.Build.props = Directory.Build.props
		global.json = global.json
		NuGet.config = NuGet.config
		..\..\README.md = ..\..\README.md
	EndProjectSection
EndProject
Project("{FAE04EC0-301F-11D3-BF4B-00C04F79EFBC}") = "Todo.Application", "Todo.Application\Todo.Application.csproj", "{D2181B61-6449-4235-9C2B-C751906788F2}"
EndProject
Project("{2150E333-8FDC-42A3-9474-1A3956D46DE8}") = "Core", "Core", "{4F7009E1-E3B8-4CFD-8C43-6F744F67340C}"
EndProject
Project("{2150E333-8FDC-42A3-9474-1A3956D46DE8}") = "Periphery", "Periphery", "{6C42E5E9-0ABE-4E11-BA40-185A97D27449}"
EndProject
Global
	GlobalSection(SolutionConfigurationPlatforms) = preSolution
		Debug|Any CPU = Debug|Any CPU
		Release|Any CPU = Release|Any CPU
	EndGlobalSection
	GlobalSection(ProjectConfigurationPlatforms) = postSolution
		{3BD6EA56-6421-4B37-AE87-E429159AE222}.Debug|Any CPU.ActiveCfg = Debug|Any CPU
		{3BD6EA56-6421-4B37-AE87-E429159AE222}.Debug|Any CPU.Build.0 = Debug|Any CPU
		{3BD6EA56-6421-4B37-AE87-E429159AE222}.Release|Any CPU.ActiveCfg = Release|Any CPU
		{3BD6EA56-6421-4B37-AE87-E429159AE222}.Release|Any CPU.Build.0 = Release|Any CPU
		{DFD017D3-5B26-41A5-8743-37371BBF17A8}.Debug|Any CPU.ActiveCfg = Debug|Any CPU
		{DFD017D3-5B26-41A5-8743-37371BBF17A8}.Debug|Any CPU.Build.0 = Debug|Any CPU
		{DFD017D3-5B26-41A5-8743-37371BBF17A8}.Release|Any CPU.ActiveCfg = Release|Any CPU
		{DFD017D3-5B26-41A5-8743-37371BBF17A8}.Release|Any CPU.Build.0 = Release|Any CPU
		{27FFADF9-7D76-4165-AC01-062452BF7BB1}.Debug|Any CPU.ActiveCfg = Debug|Any CPU
		{27FFADF9-7D76-4165-AC01-062452BF7BB1}.Debug|Any CPU.Build.0 = Debug|Any CPU
		{27FFADF9-7D76-4165-AC01-062452BF7BB1}.Release|Any CPU.ActiveCfg = Release|Any CPU
		{27FFADF9-7D76-4165-AC01-062452BF7BB1}.Release|Any CPU.Build.0 = Release|Any CPU
		{3622016B-9F9D-412F-9D05-2BBF28E627FF}.Debug|Any CPU.ActiveCfg = Debug|Any CPU
		{3622016B-9F9D-412F-9D05-2BBF28E627FF}.Debug|Any CPU.Build.0 = Debug|Any CPU
		{3622016B-9F9D-412F-9D05-2BBF28E627FF}.Release|Any CPU.ActiveCfg = Release|Any CPU
		{3622016B-9F9D-412F-9D05-2BBF28E627FF}.Release|Any CPU.Build.0 = Release|Any CPU
		{D2181B61-6449-4235-9C2B-C751906788F2}.Debug|Any CPU.ActiveCfg = Debug|Any CPU
		{D2181B61-6449-4235-9C2B-C751906788F2}.Debug|Any CPU.Build.0 = Debug|Any CPU
		{D2181B61-6449-4235-9C2B-C751906788F2}.Release|Any CPU.ActiveCfg = Release|Any CPU
		{D2181B61-6449-4235-9C2B-C751906788F2}.Release|Any CPU.Build.0 = Release|Any CPU
	EndGlobalSection
	GlobalSection(SolutionProperties) = preSolution
		HideSolutionNode = FALSE
	EndGlobalSection
	GlobalSection(NestedProjects) = preSolution
		{3BD6EA56-6421-4B37-AE87-E429159AE222} = {4F7009E1-E3B8-4CFD-8C43-6F744F67340C}
		{DFD017D3-5B26-41A5-8743-37371BBF17A8} = {6C42E5E9-0ABE-4E11-BA40-185A97D27449}
		{27FFADF9-7D76-4165-AC01-062452BF7BB1} = {6C42E5E9-0ABE-4E11-BA40-185A97D27449}
		{3622016B-9F9D-412F-9D05-2BBF28E627FF} = {6C42E5E9-0ABE-4E11-BA40-185A97D27449}
		{D2181B61-6449-4235-9C2B-C751906788F2} = {4F7009E1-E3B8-4CFD-8C43-6F744F67340C}
	EndGlobalSection
	GlobalSection(ExtensibilityGlobals) = postSolution
		SolutionGuid = {B0990D53-E38B-416C-A4E1-0A9B2DE5A2E4}
	EndGlobalSection
EndGlobal
